
Microsoft Visual Studio Solution File, Format Version 12.00
# Visual Studio Version 17
VisualStudioVersion = 17.7.34009.444
MinimumVisualStudioVersion = 10.0.40219.1
Project("{FAE04EC0-301F-11D3-BF4B-00C04F79EFBC}") = "StellarStreamAPI", "StellarStreamAPI.csproj", "{1BA3103C-7894-4A5F-9D01-64A987EB7414}"
EndProject
Global
	GlobalSection(SolutionConfigurationPlatforms) = preSolution
		Debug|Any CPU = Debug|Any CPU
		Release|Any CPU = Release|Any CPU
	EndGlobalSection
	GlobalSection(ProjectConfigurationPlatforms) = postSolution
		{1BA3103C-7894-4A5F-9D01-64A987EB7414}.Debug|Any CPU.ActiveCfg = Debug|Any CPU
		{1BA3103C-7894-4A5F-9D01-64A987EB7414}.Debug|Any CPU.Build.0 = Debug|Any CPU
		{1BA3103C-7894-4A5F-9D01-64A987EB7414}.Release|Any CPU.ActiveCfg = Release|Any CPU
		{1BA3103C-7894-4A5F-9D01-64A987EB7414}.Release|Any CPU.Build.0 = Release|Any CPU
	EndGlobalSection
	GlobalSection(SolutionProperties) = preSolution
		HideSolutionNode = FALSE
	EndGlobalSection
	GlobalSection(ExtensibilityGlobals) = postSolution
		SolutionGuid = {AE25B0D4-CB54-4C28-B1F9-6E988322B00F}
	EndGlobalSection
EndGlobal
